
Microsoft Visual Studio Solution File, Format Version 12.00
# Visual Studio Version 17
VisualStudioVersion = 17.11.35208.52
MinimumVisualStudioVersion = 10.0.40219.1
Project("{FAE04EC0-301F-11D3-BF4B-00C04F79EFBC}") = "OTA Portal Service", "OTA Portal Service.csproj", "{CF1615C4-5D99-4DAE-9137-727064F4CAE7}"
EndProject
Global
	GlobalSection(SolutionConfigurationPlatforms) = preSolution
		Debug|Any CPU = Debug|Any CPU
		Release|Any CPU = Release|Any CPU
	EndGlobalSection
	GlobalSection(ProjectConfigurationPlatforms) = postSolution
		{CF1615C4-5D99-4DAE-9137-727064F4CAE7}.Debug|Any CPU.ActiveCfg = Debug|Any CPU
		{CF1615C4-5D99-4DAE-9137-727064F4CAE7}.Debug|Any CPU.Build.0 = Debug|Any CPU
		{CF1615C4-5D99-4DAE-9137-727064F4CAE7}.Release|Any CPU.ActiveCfg = Release|Any CPU
		{CF1615C4-5D99-4DAE-9137-727064F4CAE7}.Release|Any CPU.Build.0 = Release|Any CPU
	EndGlobalSection
	GlobalSection(SolutionProperties) = preSolution
		HideSolutionNode = FALSE
	EndGlobalSection
	GlobalSection(ExtensibilityGlobals) = postSolution
		SolutionGuid = {95BCA8A9-6F95-4050-A6AD-FEDB48733D62}
	EndGlobalSection
EndGlobal
